
Microsoft Visual Studio Solution File, Format Version 12.00
# Visual Studio Version 16
VisualStudioVersion = 16.0.29230.47
MinimumVisualStudioVersion = 10.0.40219.1
Project("{FAE04EC0-301F-11D3-BF4B-00C04F79EFBC}") = "InventoryManagement", "InventoryManagement\InventoryManagement.csproj", "{F05BD334-5694-4966-8A4A-070B79FD2268}"
EndProject
Global
	GlobalSection(SolutionConfigurationPlatforms) = preSolution
		Debug|Any CPU = Debug|Any CPU
		Release|Any CPU = Release|Any CPU
	EndGlobalSection
	GlobalSection(ProjectConfigurationPlatforms) = postSolution
		{F05BD334-5694-4966-8A4A-070B79FD2268}.Debug|Any CPU.ActiveCfg = Debug|Any CPU
		{F05BD334-5694-4966-8A4A-070B79FD2268}.Debug|Any CPU.Build.0 = Debug|Any CPU
		{F05BD334-5694-4966-8A4A-070B79FD2268}.Release|Any CPU.ActiveCfg = Release|Any CPU
		{F05BD334-5694-4966-8A4A-070B79FD2268}.Release|Any CPU.Build.0 = Release|Any CPU
	EndGlobalSection
	GlobalSection(SolutionProperties) = preSolution
		HideSolutionNode = FALSE
	EndGlobalSection
	GlobalSection(ExtensibilityGlobals) = postSolution
		SolutionGuid = {A3291227-ED3B-4D2A-AC25-10D0F96E58B0}
	EndGlobalSection
EndGlobal
